
Microsoft Visual Studio Solution File, Format Version 12.00
# Visual Studio 2012
Project("{FAE04EC0-301F-11D3-BF4B-00C04F79EFBC}") = "PortableClassLibrary", "PortableClassLibrary\PortableClassLibrary.csproj", "{5684694E-4EDF-4640-9CCE-9670D5BBCE77}"
EndProject
Project("{FAE04EC0-301F-11D3-BF4B-00C04F79EFBC}") = "NET 4.0 Client", "NET 4.0 Client\NET 4.0 Client.csproj", "{F798E927-F9D3-40AE-9202-49F63893AFF9}"
EndProject
Project("{2150E333-8FDC-42A3-9474-1A3956D46DE8}") = ".nuget", ".nuget", "{C20A8005-6433-41CF-B0A1-3F4AED472232}"
	ProjectSection(SolutionItems) = preProject
		.nuget\NuGet.exe = .nuget\NuGet.exe
		.nuget\NuGet.targets = .nuget\NuGet.targets
	EndProjectSection
EndProject
Project("{FAE04EC0-301F-11D3-BF4B-00C04F79EFBC}") = "NET 4.5 and Store", "NET 4.5 and Store\NET 4.5 and Store.csproj", "{F1C160F8-A260-4419-8907-CDC05E27D546}"
EndProject
Project("{FAE04EC0-301F-11D3-BF4B-00C04F79EFBC}") = "Unit Tests", "Unit Tests\Unit Tests.csproj", "{1099D276-9742-42C8-8373-C3C179A3BA54}"
EndProject
Global
	GlobalSection(SolutionConfigurationPlatforms) = preSolution
		Code Analysis|Any CPU = Code Analysis|Any CPU
		Debug|Any CPU = Debug|Any CPU
		Release|Any CPU = Release|Any CPU
	EndGlobalSection
	GlobalSection(ProjectConfigurationPlatforms) = postSolution
		{5684694E-4EDF-4640-9CCE-9670D5BBCE77}.Code Analysis|Any CPU.ActiveCfg = Release|Any CPU
		{5684694E-4EDF-4640-9CCE-9670D5BBCE77}.Debug|Any CPU.ActiveCfg = Debug|Any CPU
		{5684694E-4EDF-4640-9CCE-9670D5BBCE77}.Debug|Any CPU.Build.0 = Debug|Any CPU
		{5684694E-4EDF-4640-9CCE-9670D5BBCE77}.Release|Any CPU.ActiveCfg = Release|Any CPU
		{5684694E-4EDF-4640-9CCE-9670D5BBCE77}.Release|Any CPU.Build.0 = Release|Any CPU
		{F798E927-F9D3-40AE-9202-49F63893AFF9}.Code Analysis|Any CPU.ActiveCfg = Code Analysis|Any CPU
		{F798E927-F9D3-40AE-9202-49F63893AFF9}.Code Analysis|Any CPU.Build.0 = Code Analysis|Any CPU
		{F798E927-F9D3-40AE-9202-49F63893AFF9}.Debug|Any CPU.ActiveCfg = Debug|Any CPU
		{F798E927-F9D3-40AE-9202-49F63893AFF9}.Debug|Any CPU.Build.0 = Debug|Any CPU
		{F798E927-F9D3-40AE-9202-49F63893AFF9}.Release|Any CPU.ActiveCfg = Release|Any CPU
		{F798E927-F9D3-40AE-9202-49F63893AFF9}.Release|Any CPU.Build.0 = Release|Any CPU
		{F1C160F8-A260-4419-8907-CDC05E27D546}.Code Analysis|Any CPU.ActiveCfg = Release|Any CPU
		{F1C160F8-A260-4419-8907-CDC05E27D546}.Code Analysis|Any CPU.Build.0 = Release|Any CPU
		{F1C160F8-A260-4419-8907-CDC05E27D546}.Debug|Any CPU.ActiveCfg = Debug|Any CPU
		{F1C160F8-A260-4419-8907-CDC05E27D546}.Debug|Any CPU.Build.0 = Debug|Any CPU
		{F1C160F8-A260-4419-8907-CDC05E27D546}.Release|Any CPU.ActiveCfg = Release|Any CPU
		{F1C160F8-A260-4419-8907-CDC05E27D546}.Release|Any CPU.Build.0 = Release|Any CPU
		{1099D276-9742-42C8-8373-C3C179A3BA54}.Code Analysis|Any CPU.ActiveCfg = Release|Any CPU
		{1099D276-9742-42C8-8373-C3C179A3BA54}.Code Analysis|Any CPU.Build.0 = Release|Any CPU
		{1099D276-9742-42C8-8373-C3C179A3BA54}.Debug|Any CPU.ActiveCfg = Debug|Any CPU
		{1099D276-9742-42C8-8373-C3C179A3BA54}.Debug|Any CPU.Build.0 = Debug|Any CPU
		{1099D276-9742-42C8-8373-C3C179A3BA54}.Release|Any CPU.ActiveCfg = Release|Any CPU
		{1099D276-9742-42C8-8373-C3C179A3BA54}.Release|Any CPU.Build.0 = Release|Any CPU
	EndGlobalSection
	GlobalSection(SolutionProperties) = preSolution
		HideSolutionNode = FALSE
	EndGlobalSection
EndGlobal
